// !$*UTF8*$!
{
	archiveVersion = 1;
	classes = {
	};
	objectVersion = 52;
	objects = {

/* Begin PBXBuildFile section */
		2C83298924731E2F004B9CBD /* QRCodeStore.swift in Sources */ = {isa = PBXBuildFile; fileRef = 2C83298824731E2F004B9CBD /* QRCodeStore.swift */; };
		2C83298A24731E2F004B9CBD /* QRCodeStore.swift in Sources */ = {isa = PBXBuildFile; fileRef = 2C83298824731E2F004B9CBD /* QRCodeStore.swift */; };
		2CDAB9AD246EF6E700F7E803 /* AppDelegate.swift in Sources */ = {isa = PBXBuildFile; fileRef = 2CDAB9AC246EF6E700F7E803 /* AppDelegate.swift */; };
		2CDAB9AF246EF6E700F7E803 /* SceneDelegate.swift in Sources */ = {isa = PBXBuildFile; fileRef = 2CDAB9AE246EF6E700F7E803 /* SceneDelegate.swift */; };
		2CDAB9B3246EF6E800F7E803 /* Assets.xcassets in Resources */ = {isa = PBXBuildFile; fileRef = 2CDAB9B2246EF6E800F7E803 /* Assets.xcassets */; };
		2CDAB9B6246EF6E800F7E803 /* Preview Assets.xcassets in Resources */ = {isa = PBXBuildFile; fileRef = 2CDAB9B5246EF6E800F7E803 /* Preview Assets.xcassets */; };
		2CDAB9B9246EF6E800F7E803 /* LaunchScreen.storyboard in Resources */ = {isa = PBXBuildFile; fileRef = 2CDAB9B7246EF6E800F7E803 /* LaunchScreen.storyboard */; };
		2CDAB9C4246EF6E800F7E803 /* QwertyMobileTests.swift in Sources */ = {isa = PBXBuildFile; fileRef = 2CDAB9C3246EF6E800F7E803 /* QwertyMobileTests.swift */; };
		2CDAB9CF246EF6E800F7E803 /* QwertyMobileUITests.swift in Sources */ = {isa = PBXBuildFile; fileRef = 2CDAB9CE246EF6E800F7E803 /* QwertyMobileUITests.swift */; };
		2CDAB9E3246EF70100F7E803 /* ShareViewController.swift in Sources */ = {isa = PBXBuildFile; fileRef = 2CDAB9E2246EF70100F7E803 /* ShareViewController.swift */; };
		2CDAB9EA246EF70100F7E803 /* QwertyShare.appex in Embed App Extensions */ = {isa = PBXBuildFile; fileRef = 2CDAB9E0246EF70100F7E803 /* QwertyShare.appex */; settings = {ATTRIBUTES = (RemoveHeadersOnCopy, ); }; };
		2CDAB9F0246F0DC300F7E803 /* RestManager.swift in Sources */ = {isa = PBXBuildFile; fileRef = 2CDAB9EF246F0DC300F7E803 /* RestManager.swift */; };
		2CDAB9F1246F0DC300F7E803 /* RestManager.swift in Sources */ = {isa = PBXBuildFile; fileRef = 2CDAB9EF246F0DC300F7E803 /* RestManager.swift */; };
		2CDAB9F324702DF600F7E803 /* QRCode.swift in Sources */ = {isa = PBXBuildFile; fileRef = 2CDAB9F224702DF600F7E803 /* QRCode.swift */; };
		2CDAB9F424702DF600F7E803 /* QRCode.swift in Sources */ = {isa = PBXBuildFile; fileRef = 2CDAB9F224702DF600F7E803 /* QRCode.swift */; };
		2CDAB9F72470351100F7E803 /* Pepper Instagram.jpg in Resources */ = {isa = PBXBuildFile; fileRef = 2CDAB9F62470351100F7E803 /* Pepper Instagram.jpg */; };
		2CDAB9F82470351100F7E803 /* Pepper Instagram.jpg in Resources */ = {isa = PBXBuildFile; fileRef = 2CDAB9F62470351100F7E803 /* Pepper Instagram.jpg */; };
		2CDAB9FA2470573400F7E803 /* MainView.swift in Sources */ = {isa = PBXBuildFile; fileRef = 2CDAB9F92470573400F7E803 /* MainView.swift */; };
		2CDAB9FB2470573400F7E803 /* MainView.swift in Sources */ = {isa = PBXBuildFile; fileRef = 2CDAB9F92470573400F7E803 /* MainView.swift */; };
		2CDAB9FD247058AD00F7E803 /* QRCodeView.swift in Sources */ = {isa = PBXBuildFile; fileRef = 2CDAB9FC247058AD00F7E803 /* QRCodeView.swift */; };
		2CDAB9FE247058AD00F7E803 /* QRCodeView.swift in Sources */ = {isa = PBXBuildFile; fileRef = 2CDAB9FC247058AD00F7E803 /* QRCodeView.swift */; };
		2CDABA002470636700F7E803 /* ViewRouter.swift in Sources */ = {isa = PBXBuildFile; fileRef = 2CDAB9FF2470636700F7E803 /* ViewRouter.swift */; };
		2CDABA012470636700F7E803 /* ViewRouter.swift in Sources */ = {isa = PBXBuildFile; fileRef = 2CDAB9FF2470636700F7E803 /* ViewRouter.swift */; };
		2CDABA0324706BA300F7E803 /* LoginView.swift in Sources */ = {isa = PBXBuildFile; fileRef = 2CDABA0224706BA300F7E803 /* LoginView.swift */; };
		2CDABA0424706BA300F7E803 /* LoginView.swift in Sources */ = {isa = PBXBuildFile; fileRef = 2CDABA0224706BA300F7E803 /* LoginView.swift */; };
		2CDABA06247090D400F7E803 /* User.swift in Sources */ = {isa = PBXBuildFile; fileRef = 2CDABA05247090D400F7E803 /* User.swift */; };
		2CDABA07247090D400F7E803 /* User.swift in Sources */ = {isa = PBXBuildFile; fileRef = 2CDABA05247090D400F7E803 /* User.swift */; };
		2CDABA0924709D0700F7E803 /* QwertyAPI.swift in Sources */ = {isa = PBXBuildFile; fileRef = 2CDABA0824709D0700F7E803 /* QwertyAPI.swift */; };
		2CDABA0A24709D0700F7E803 /* QwertyAPI.swift in Sources */ = {isa = PBXBuildFile; fileRef = 2CDABA0824709D0700F7E803 /* QwertyAPI.swift */; };
		2CDABA142472DB2400F7E803 /* QRCodeViewRow.swift in Sources */ = {isa = PBXBuildFile; fileRef = 2CDABA132472DB2400F7E803 /* QRCodeViewRow.swift */; };
		2CDABA152472DB2400F7E803 /* QRCodeViewRow.swift in Sources */ = {isa = PBXBuildFile; fileRef = 2CDABA132472DB2400F7E803 /* QRCodeViewRow.swift */; };
		2CF42F1224856F1F00C558BC /* ItemViewRow.swift in Sources */ = {isa = PBXBuildFile; fileRef = 2CF42F1124856F1F00C558BC /* ItemViewRow.swift */; };
		2CF42F1324856F1F00C558BC /* ItemViewRow.swift in Sources */ = {isa = PBXBuildFile; fileRef = 2CF42F1124856F1F00C558BC /* ItemViewRow.swift */; };
		2CF42F1524856F3600C558BC /* ItemView.swift in Sources */ = {isa = PBXBuildFile; fileRef = 2CF42F1424856F3600C558BC /* ItemView.swift */; };
		2CF42F1624856F3600C558BC /* ItemView.swift in Sources */ = {isa = PBXBuildFile; fileRef = 2CF42F1424856F3600C558BC /* ItemView.swift */; };
		2CF42F1824856F9C00C558BC /* Item.swift in Sources */ = {isa = PBXBuildFile; fileRef = 2CF42F1724856F9C00C558BC /* Item.swift */; };
		2CF42F1924856F9C00C558BC /* Item.swift in Sources */ = {isa = PBXBuildFile; fileRef = 2CF42F1724856F9C00C558BC /* Item.swift */; };
		2CF42F1C2485CC1B00C558BC /* URLImage in Frameworks */ = {isa = PBXBuildFile; productRef = 2CF42F1B2485CC1B00C558BC /* URLImage */; };
		2CF42F1F2485CF9F00C558BC /* URLImage in Frameworks */ = {isa = PBXBuildFile; productRef = 2CF42F1E2485CF9F00C558BC /* URLImage */; };
		2CF42F21248818F600C558BC /* Settings.bundle in Resources */ = {isa = PBXBuildFile; fileRef = 2CF42F20248818F600C558BC /* Settings.bundle */; };
		2CF42F22248818F600C558BC /* Settings.bundle in Resources */ = {isa = PBXBuildFile; fileRef = 2CF42F20248818F600C558BC /* Settings.bundle */; };
/* End PBXBuildFile section */

/* Begin PBXContainerItemProxy section */
		2CDAB9C0246EF6E800F7E803 /* PBXContainerItemProxy */ = {
			isa = PBXContainerItemProxy;
			containerPortal = 2CDAB9A1246EF6E700F7E803 /* Project object */;
			proxyType = 1;
			remoteGlobalIDString = 2CDAB9A8246EF6E700F7E803;
			remoteInfo = QwertyMobile;
		};
		2CDAB9CB246EF6E800F7E803 /* PBXContainerItemProxy */ = {
			isa = PBXContainerItemProxy;
			containerPortal = 2CDAB9A1246EF6E700F7E803 /* Project object */;
			proxyType = 1;
			remoteGlobalIDString = 2CDAB9A8246EF6E700F7E803;
			remoteInfo = QwertyMobile;
		};
/* End PBXContainerItemProxy section */

/* Begin PBXCopyFilesBuildPhase section */
		2CDAB9EE246EF70100F7E803 /* Embed App Extensions */ = {
			isa = PBXCopyFilesBuildPhase;
			buildActionMask = 2147483647;
			dstPath = "";
			dstSubfolderSpec = 13;
			files = (
				2CDAB9EA246EF70100F7E803 /* QwertyShare.appex in Embed App Extensions */,
			);
			name = "Embed App Extensions";
			runOnlyForDeploymentPostprocessing = 0;
		};
/* End PBXCopyFilesBuildPhase section */

/* Begin PBXFileReference section */
		2C83298824731E2F004B9CBD /* QRCodeStore.swift */ = {isa = PBXFileReference; lastKnownFileType = sourcecode.swift; path = QRCodeStore.swift; sourceTree = "<group>"; };
		2CDAB9A9246EF6E700F7E803 /* QwertyMobile.app */ = {isa = PBXFileReference; explicitFileType = wrapper.application; includeInIndex = 0; path = QwertyMobile.app; sourceTree = BUILT_PRODUCTS_DIR; };
		2CDAB9AC246EF6E700F7E803 /* AppDelegate.swift */ = {isa = PBXFileReference; lastKnownFileType = sourcecode.swift; path = AppDelegate.swift; sourceTree = "<group>"; };
		2CDAB9AE246EF6E700F7E803 /* SceneDelegate.swift */ = {isa = PBXFileReference; lastKnownFileType = sourcecode.swift; path = SceneDelegate.swift; sourceTree = "<group>"; };
		2CDAB9B2246EF6E800F7E803 /* Assets.xcassets */ = {isa = PBXFileReference; lastKnownFileType = folder.assetcatalog; path = Assets.xcassets; sourceTree = "<group>"; };
		2CDAB9B5246EF6E800F7E803 /* Preview Assets.xcassets */ = {isa = PBXFileReference; lastKnownFileType = folder.assetcatalog; path = "Preview Assets.xcassets"; sourceTree = "<group>"; };
		2CDAB9B8246EF6E800F7E803 /* Base */ = {isa = PBXFileReference; lastKnownFileType = file.storyboard; name = Base; path = Base.lproj/LaunchScreen.storyboard; sourceTree = "<group>"; };
		2CDAB9BA246EF6E800F7E803 /* Info.plist */ = {isa = PBXFileReference; lastKnownFileType = text.plist.xml; path = Info.plist; sourceTree = "<group>"; };
		2CDAB9BF246EF6E800F7E803 /* QwertyMobileTests.xctest */ = {isa = PBXFileReference; explicitFileType = wrapper.cfbundle; includeInIndex = 0; path = QwertyMobileTests.xctest; sourceTree = BUILT_PRODUCTS_DIR; };
		2CDAB9C3246EF6E800F7E803 /* QwertyMobileTests.swift */ = {isa = PBXFileReference; lastKnownFileType = sourcecode.swift; path = QwertyMobileTests.swift; sourceTree = "<group>"; };
		2CDAB9C5246EF6E800F7E803 /* Info.plist */ = {isa = PBXFileReference; lastKnownFileType = text.plist.xml; path = Info.plist; sourceTree = "<group>"; };
		2CDAB9CA246EF6E800F7E803 /* QwertyMobileUITests.xctest */ = {isa = PBXFileReference; explicitFileType = wrapper.cfbundle; includeInIndex = 0; path = QwertyMobileUITests.xctest; sourceTree = BUILT_PRODUCTS_DIR; };
		2CDAB9CE246EF6E800F7E803 /* QwertyMobileUITests.swift */ = {isa = PBXFileReference; lastKnownFileType = sourcecode.swift; path = QwertyMobileUITests.swift; sourceTree = "<group>"; };
		2CDAB9D0246EF6E800F7E803 /* Info.plist */ = {isa = PBXFileReference; lastKnownFileType = text.plist.xml; path = Info.plist; sourceTree = "<group>"; };
		2CDAB9E0246EF70100F7E803 /* QwertyShare.appex */ = {isa = PBXFileReference; explicitFileType = "wrapper.app-extension"; includeInIndex = 0; path = QwertyShare.appex; sourceTree = BUILT_PRODUCTS_DIR; };
		2CDAB9E2246EF70100F7E803 /* ShareViewController.swift */ = {isa = PBXFileReference; lastKnownFileType = sourcecode.swift; path = ShareViewController.swift; sourceTree = "<group>"; };
		2CDAB9E7246EF70100F7E803 /* Info.plist */ = {isa = PBXFileReference; lastKnownFileType = text.plist.xml; path = Info.plist; sourceTree = "<group>"; };
		2CDAB9EF246F0DC300F7E803 /* RestManager.swift */ = {isa = PBXFileReference; lastKnownFileType = sourcecode.swift; path = RestManager.swift; sourceTree = "<group>"; };
		2CDAB9F224702DF600F7E803 /* QRCode.swift */ = {isa = PBXFileReference; lastKnownFileType = sourcecode.swift; path = QRCode.swift; sourceTree = "<group>"; };
		2CDAB9F62470351100F7E803 /* Pepper Instagram.jpg */ = {isa = PBXFileReference; lastKnownFileType = image.jpeg; name = "Pepper Instagram.jpg"; path = "../../../../Downloads/Pepper Instagram.jpg"; sourceTree = "<group>"; };
		2CDAB9F92470573400F7E803 /* MainView.swift */ = {isa = PBXFileReference; lastKnownFileType = sourcecode.swift; path = MainView.swift; sourceTree = "<group>"; };
		2CDAB9FC247058AD00F7E803 /* QRCodeView.swift */ = {isa = PBXFileReference; lastKnownFileType = sourcecode.swift; path = QRCodeView.swift; sourceTree = "<group>"; };
		2CDAB9FF2470636700F7E803 /* ViewRouter.swift */ = {isa = PBXFileReference; lastKnownFileType = sourcecode.swift; path = ViewRouter.swift; sourceTree = "<group>"; };
		2CDABA0224706BA300F7E803 /* LoginView.swift */ = {isa = PBXFileReference; fileEncoding = 4; lastKnownFileType = sourcecode.swift; path = LoginView.swift; sourceTree = "<group>"; };
		2CDABA05247090D400F7E803 /* User.swift */ = {isa = PBXFileReference; lastKnownFileType = sourcecode.swift; path = User.swift; sourceTree = "<group>"; };
		2CDABA0824709D0700F7E803 /* QwertyAPI.swift */ = {isa = PBXFileReference; lastKnownFileType = sourcecode.swift; path = QwertyAPI.swift; sourceTree = "<group>"; };
		2CDABA132472DB2400F7E803 /* QRCodeViewRow.swift */ = {isa = PBXFileReference; lastKnownFileType = sourcecode.swift; path = QRCodeViewRow.swift; sourceTree = "<group>"; };
		2CF42F1124856F1F00C558BC /* ItemViewRow.swift */ = {isa = PBXFileReference; fileEncoding = 4; lastKnownFileType = sourcecode.swift; path = ItemViewRow.swift; sourceTree = "<group>"; };
		2CF42F1424856F3600C558BC /* ItemView.swift */ = {isa = PBXFileReference; fileEncoding = 4; lastKnownFileType = sourcecode.swift; path = ItemView.swift; sourceTree = "<group>"; };
		2CF42F1724856F9C00C558BC /* Item.swift */ = {isa = PBXFileReference; fileEncoding = 4; lastKnownFileType = sourcecode.swift; path = Item.swift; sourceTree = "<group>"; };
		2CF42F20248818F600C558BC /* Settings.bundle */ = {isa = PBXFileReference; lastKnownFileType = "wrapper.plug-in"; path = Settings.bundle; sourceTree = "<group>"; };
		2CF42F2724885DE400C558BC /* QwertyMobile.entitlements */ = {isa = PBXFileReference; lastKnownFileType = text.plist.entitlements; path = QwertyMobile.entitlements; sourceTree = "<group>"; };
		2CF42F282488637D00C558BC /* QwertyShare.entitlements */ = {isa = PBXFileReference; lastKnownFileType = text.plist.entitlements; path = QwertyShare.entitlements; sourceTree = "<group>"; };
/* End PBXFileReference section */

/* Begin PBXFrameworksBuildPhase section */
		2CDAB9A6246EF6E700F7E803 /* Frameworks */ = {
			isa = PBXFrameworksBuildPhase;
			buildActionMask = 2147483647;
			files = (
				2CF42F1C2485CC1B00C558BC /* URLImage in Frameworks */,
			);
			runOnlyForDeploymentPostprocessing = 0;
		};
		2CDAB9BC246EF6E800F7E803 /* Frameworks */ = {
			isa = PBXFrameworksBuildPhase;
			buildActionMask = 2147483647;
			files = (
			);
			runOnlyForDeploymentPostprocessing = 0;
		};
		2CDAB9C7246EF6E800F7E803 /* Frameworks */ = {
			isa = PBXFrameworksBuildPhase;
			buildActionMask = 2147483647;
			files = (
			);
			runOnlyForDeploymentPostprocessing = 0;
		};
		2CDAB9DD246EF70100F7E803 /* Frameworks */ = {
			isa = PBXFrameworksBuildPhase;
			buildActionMask = 2147483647;
			files = (
				2CF42F1F2485CF9F00C558BC /* URLImage in Frameworks */,
			);
			runOnlyForDeploymentPostprocessing = 0;
		};
/* End PBXFrameworksBuildPhase section */

/* Begin PBXGroup section */
		2CDAB9A0246EF6E700F7E803 = {
			isa = PBXGroup;
			children = (
				2CF42F20248818F600C558BC /* Settings.bundle */,
				2CDAB9F524702E2A00F7E803 /* Shared */,
				2CDAB9AB246EF6E700F7E803 /* QwertyMobile */,
				2CDAB9C2246EF6E800F7E803 /* QwertyMobileTests */,
				2CDAB9CD246EF6E800F7E803 /* QwertyMobileUITests */,
				2CDAB9E1246EF70100F7E803 /* QwertyShare */,
				2CDAB9AA246EF6E700F7E803 /* Products */,
				2CF42F1D2485CF9F00C558BC /* Frameworks */,
			);
			sourceTree = "<group>";
		};
		2CDAB9AA246EF6E700F7E803 /* Products */ = {
			isa = PBXGroup;
			children = (
				2CDAB9A9246EF6E700F7E803 /* QwertyMobile.app */,
				2CDAB9BF246EF6E800F7E803 /* QwertyMobileTests.xctest */,
				2CDAB9CA246EF6E800F7E803 /* QwertyMobileUITests.xctest */,
				2CDAB9E0246EF70100F7E803 /* QwertyShare.appex */,
			);
			name = Products;
			sourceTree = "<group>";
		};
		2CDAB9AB246EF6E700F7E803 /* QwertyMobile */ = {
			isa = PBXGroup;
			children = (
				2CF42F2724885DE400C558BC /* QwertyMobile.entitlements */,
				2CDAB9FF2470636700F7E803 /* ViewRouter.swift */,
				2CDAB9FC247058AD00F7E803 /* QRCodeView.swift */,
				2CF42F1424856F3600C558BC /* ItemView.swift */,
				2CDAB9F92470573400F7E803 /* MainView.swift */,
				2CDAB9AC246EF6E700F7E803 /* AppDelegate.swift */,
				2CDAB9AE246EF6E700F7E803 /* SceneDelegate.swift */,
				2CDAB9B2246EF6E800F7E803 /* Assets.xcassets */,
				2CDAB9F62470351100F7E803 /* Pepper Instagram.jpg */,
				2CDAB9B7246EF6E800F7E803 /* LaunchScreen.storyboard */,
				2CDAB9BA246EF6E800F7E803 /* Info.plist */,
				2CDAB9B4246EF6E800F7E803 /* Preview Content */,
			);
			path = QwertyMobile;
			sourceTree = "<group>";
		};
		2CDAB9B4246EF6E800F7E803 /* Preview Content */ = {
			isa = PBXGroup;
			children = (
				2CDAB9B5246EF6E800F7E803 /* Preview Assets.xcassets */,
			);
			path = "Preview Content";
			sourceTree = "<group>";
		};
		2CDAB9C2246EF6E800F7E803 /* QwertyMobileTests */ = {
			isa = PBXGroup;
			children = (
				2CDAB9C3246EF6E800F7E803 /* QwertyMobileTests.swift */,
				2CDAB9C5246EF6E800F7E803 /* Info.plist */,
			);
			path = QwertyMobileTests;
			sourceTree = "<group>";
		};
		2CDAB9CD246EF6E800F7E803 /* QwertyMobileUITests */ = {
			isa = PBXGroup;
			children = (
				2CDAB9CE246EF6E800F7E803 /* QwertyMobileUITests.swift */,
				2CDAB9D0246EF6E800F7E803 /* Info.plist */,
			);
			path = QwertyMobileUITests;
			sourceTree = "<group>";
		};
		2CDAB9E1246EF70100F7E803 /* QwertyShare */ = {
			isa = PBXGroup;
			children = (
				2CF42F282488637D00C558BC /* QwertyShare.entitlements */,
				2CDAB9E2246EF70100F7E803 /* ShareViewController.swift */,
				2CDAB9E7246EF70100F7E803 /* Info.plist */,
			);
			path = QwertyShare;
			sourceTree = "<group>";
		};
		2CDAB9F524702E2A00F7E803 /* Shared */ = {
			isa = PBXGroup;
			children = (
				2CDAB9F224702DF600F7E803 /* QRCode.swift */,
				2CDABA0824709D0700F7E803 /* QwertyAPI.swift */,
				2CF42F1724856F9C00C558BC /* Item.swift */,
				2CDABA0224706BA300F7E803 /* LoginView.swift */,
				2CDAB9EF246F0DC300F7E803 /* RestManager.swift */,
				2CF42F1124856F1F00C558BC /* ItemViewRow.swift */,
				2CDABA132472DB2400F7E803 /* QRCodeViewRow.swift */,
				2CDABA05247090D400F7E803 /* User.swift */,
				2C83298824731E2F004B9CBD /* QRCodeStore.swift */,
			);
			path = Shared;
			sourceTree = "<group>";
		};
		2CF42F1D2485CF9F00C558BC /* Frameworks */ = {
			isa = PBXGroup;
			children = (
			);
			name = Frameworks;
			sourceTree = "<group>";
		};
/* End PBXGroup section */

/* Begin PBXNativeTarget section */
		2CDAB9A8246EF6E700F7E803 /* QwertyMobile */ = {
			isa = PBXNativeTarget;
			buildConfigurationList = 2CDAB9D3246EF6E800F7E803 /* Build configuration list for PBXNativeTarget "QwertyMobile" */;
			buildPhases = (
				2CDAB9A5246EF6E700F7E803 /* Sources */,
				2CDAB9A6246EF6E700F7E803 /* Frameworks */,
				2CDAB9A7246EF6E700F7E803 /* Resources */,
				2CDAB9EE246EF70100F7E803 /* Embed App Extensions */,
			);
			buildRules = (
			);
			dependencies = (
			);
			name = QwertyMobile;
			packageProductDependencies = (
				2CF42F1B2485CC1B00C558BC /* URLImage */,
			);
			productName = QwertyMobile;
			productReference = 2CDAB9A9246EF6E700F7E803 /* QwertyMobile.app */;
			productType = "com.apple.product-type.application";
		};
		2CDAB9BE246EF6E800F7E803 /* QwertyMobileTests */ = {
			isa = PBXNativeTarget;
			buildConfigurationList = 2CDAB9D6246EF6E800F7E803 /* Build configuration list for PBXNativeTarget "QwertyMobileTests" */;
			buildPhases = (
				2CDAB9BB246EF6E800F7E803 /* Sources */,
				2CDAB9BC246EF6E800F7E803 /* Frameworks */,
				2CDAB9BD246EF6E800F7E803 /* Resources */,
			);
			buildRules = (
			);
			dependencies = (
				2CDAB9C1246EF6E800F7E803 /* PBXTargetDependency */,
			);
			name = QwertyMobileTests;
			productName = QwertyMobileTests;
			productReference = 2CDAB9BF246EF6E800F7E803 /* QwertyMobileTests.xctest */;
			productType = "com.apple.product-type.bundle.unit-test";
		};
		2CDAB9C9246EF6E800F7E803 /* QwertyMobileUITests */ = {
			isa = PBXNativeTarget;
			buildConfigurationList = 2CDAB9D9246EF6E800F7E803 /* Build configuration list for PBXNativeTarget "QwertyMobileUITests" */;
			buildPhases = (
				2CDAB9C6246EF6E800F7E803 /* Sources */,
				2CDAB9C7246EF6E800F7E803 /* Frameworks */,
				2CDAB9C8246EF6E800F7E803 /* Resources */,
			);
			buildRules = (
			);
			dependencies = (
				2CDAB9CC246EF6E800F7E803 /* PBXTargetDependency */,
			);
			name = QwertyMobileUITests;
			productName = QwertyMobileUITests;
			productReference = 2CDAB9CA246EF6E800F7E803 /* QwertyMobileUITests.xctest */;
			productType = "com.apple.product-type.bundle.ui-testing";
		};
		2CDAB9DF246EF70100F7E803 /* QwertyShare */ = {
			isa = PBXNativeTarget;
			buildConfigurationList = 2CDAB9EB246EF70100F7E803 /* Build configuration list for PBXNativeTarget "QwertyShare" */;
			buildPhases = (
				2CDAB9DC246EF70100F7E803 /* Sources */,
				2CDAB9DD246EF70100F7E803 /* Frameworks */,
				2CDAB9DE246EF70100F7E803 /* Resources */,
			);
			buildRules = (
			);
			dependencies = (
			);
			name = QwertyShare;
			packageProductDependencies = (
				2CF42F1E2485CF9F00C558BC /* URLImage */,
			);
			productName = QwertyShare;
			productReference = 2CDAB9E0246EF70100F7E803 /* QwertyShare.appex */;
			productType = "com.apple.product-type.app-extension";
		};
/* End PBXNativeTarget section */

/* Begin PBXProject section */
		2CDAB9A1246EF6E700F7E803 /* Project object */ = {
			isa = PBXProject;
			attributes = {
				LastSwiftUpdateCheck = 1140;
				LastUpgradeCheck = 1140;
				ORGANIZATIONNAME = "United Tomato Cans, Inc.";
				TargetAttributes = {
					2CDAB9A8246EF6E700F7E803 = {
						CreatedOnToolsVersion = 11.4.1;
					};
					2CDAB9BE246EF6E800F7E803 = {
						CreatedOnToolsVersion = 11.4.1;
						TestTargetID = 2CDAB9A8246EF6E700F7E803;
					};
					2CDAB9C9246EF6E800F7E803 = {
						CreatedOnToolsVersion = 11.4.1;
						TestTargetID = 2CDAB9A8246EF6E700F7E803;
					};
					2CDAB9DF246EF70100F7E803 = {
						CreatedOnToolsVersion = 11.4.1;
					};
				};
			};
			buildConfigurationList = 2CDAB9A4246EF6E700F7E803 /* Build configuration list for PBXProject "QwertyMobile" */;
			compatibilityVersion = "Xcode 9.3";
			developmentRegion = en;
			hasScannedForEncodings = 0;
			knownRegions = (
				en,
				Base,
			);
			mainGroup = 2CDAB9A0246EF6E700F7E803;
			packageReferences = (
				2CF42F1A2485CC1A00C558BC /* XCRemoteSwiftPackageReference "url-image" */,
			);
			productRefGroup = 2CDAB9AA246EF6E700F7E803 /* Products */;
			projectDirPath = "";
			projectRoot = "";
			targets = (
				2CDAB9A8246EF6E700F7E803 /* QwertyMobile */,
				2CDAB9BE246EF6E800F7E803 /* QwertyMobileTests */,
				2CDAB9C9246EF6E800F7E803 /* QwertyMobileUITests */,
				2CDAB9DF246EF70100F7E803 /* QwertyShare */,
			);
		};
/* End PBXProject section */

/* Begin PBXResourcesBuildPhase section */
		2CDAB9A7246EF6E700F7E803 /* Resources */ = {
			isa = PBXResourcesBuildPhase;
			buildActionMask = 2147483647;
			files = (
				2CDAB9B9246EF6E800F7E803 /* LaunchScreen.storyboard in Resources */,
				2CDAB9F72470351100F7E803 /* Pepper Instagram.jpg in Resources */,
				2CF42F21248818F600C558BC /* Settings.bundle in Resources */,
				2CDAB9B6246EF6E800F7E803 /* Preview Assets.xcassets in Resources */,
				2CDAB9B3246EF6E800F7E803 /* Assets.xcassets in Resources */,
			);
			runOnlyForDeploymentPostprocessing = 0;
		};
		2CDAB9BD246EF6E800F7E803 /* Resources */ = {
			isa = PBXResourcesBuildPhase;
			buildActionMask = 2147483647;
			files = (
			);
			runOnlyForDeploymentPostprocessing = 0;
		};
		2CDAB9C8246EF6E800F7E803 /* Resources */ = {
			isa = PBXResourcesBuildPhase;
			buildActionMask = 2147483647;
			files = (
			);
			runOnlyForDeploymentPostprocessing = 0;
		};
		2CDAB9DE246EF70100F7E803 /* Resources */ = {
			isa = PBXResourcesBuildPhase;
			buildActionMask = 2147483647;
			files = (
				2CF42F22248818F600C558BC /* Settings.bundle in Resources */,
				2CDAB9F82470351100F7E803 /* Pepper Instagram.jpg in Resources */,
			);
			runOnlyForDeploymentPostprocessing = 0;
		};
/* End PBXResourcesBuildPhase section */

/* Begin PBXSourcesBuildPhase section */
		2CDAB9A5246EF6E700F7E803 /* Sources */ = {
			isa = PBXSourcesBuildPhase;
			buildActionMask = 2147483647;
			files = (
				2CDAB9AD246EF6E700F7E803 /* AppDelegate.swift in Sources */,
				2CDABA142472DB2400F7E803 /* QRCodeViewRow.swift in Sources */,
				2CDAB9FA2470573400F7E803 /* MainView.swift in Sources */,
				2CDABA0924709D0700F7E803 /* QwertyAPI.swift in Sources */,
				2CDAB9F0246F0DC300F7E803 /* RestManager.swift in Sources */,
				2CDAB9FD247058AD00F7E803 /* QRCodeView.swift in Sources */,
				2CDAB9AF246EF6E700F7E803 /* SceneDelegate.swift in Sources */,
				2CDABA06247090D400F7E803 /* User.swift in Sources */,
				2CF42F1224856F1F00C558BC /* ItemViewRow.swift in Sources */,
				2CDAB9F324702DF600F7E803 /* QRCode.swift in Sources */,
				2CF42F1824856F9C00C558BC /* Item.swift in Sources */,
				2CDABA0324706BA300F7E803 /* LoginView.swift in Sources */,
				2CF42F1524856F3600C558BC /* ItemView.swift in Sources */,
				2CDABA002470636700F7E803 /* ViewRouter.swift in Sources */,
				2C83298924731E2F004B9CBD /* QRCodeStore.swift in Sources */,
			);
			runOnlyForDeploymentPostprocessing = 0;
		};
		2CDAB9BB246EF6E800F7E803 /* Sources */ = {
			isa = PBXSourcesBuildPhase;
			buildActionMask = 2147483647;
			files = (
				2CDAB9C4246EF6E800F7E803 /* QwertyMobileTests.swift in Sources */,
			);
			runOnlyForDeploymentPostprocessing = 0;
		};
		2CDAB9C6246EF6E800F7E803 /* Sources */ = {
			isa = PBXSourcesBuildPhase;
			buildActionMask = 2147483647;
			files = (
				2CDAB9CF246EF6E800F7E803 /* QwertyMobileUITests.swift in Sources */,
			);
			runOnlyForDeploymentPostprocessing = 0;
		};
		2CDAB9DC246EF70100F7E803 /* Sources */ = {
			isa = PBXSourcesBuildPhase;
			buildActionMask = 2147483647;
			files = (
				2CDAB9E3246EF70100F7E803 /* ShareViewController.swift in Sources */,
				2CDABA0424706BA300F7E803 /* LoginView.swift in Sources */,
				2CDAB9FB2470573400F7E803 /* MainView.swift in Sources */,
				2CDAB9FE247058AD00F7E803 /* QRCodeView.swift in Sources */,
				2CF42F1924856F9C00C558BC /* Item.swift in Sources */,
				2C83298A24731E2F004B9CBD /* QRCodeStore.swift in Sources */,
				2CDABA0A24709D0700F7E803 /* QwertyAPI.swift in Sources */,
				2CDABA152472DB2400F7E803 /* QRCodeViewRow.swift in Sources */,
				2CDABA07247090D400F7E803 /* User.swift in Sources */,
				2CDABA012470636700F7E803 /* ViewRouter.swift in Sources */,
				2CF42F1624856F3600C558BC /* ItemView.swift in Sources */,
				2CDAB9F1246F0DC300F7E803 /* RestManager.swift in Sources */,
				2CF42F1324856F1F00C558BC /* ItemViewRow.swift in Sources */,
				2CDAB9F424702DF600F7E803 /* QRCode.swift in Sources */,
			);
			runOnlyForDeploymentPostprocessing = 0;
		};
/* End PBXSourcesBuildPhase section */

/* Begin PBXTargetDependency section */
		2CDAB9C1246EF6E800F7E803 /* PBXTargetDependency */ = {
			isa = PBXTargetDependency;
			target = 2CDAB9A8246EF6E700F7E803 /* QwertyMobile */;
			targetProxy = 2CDAB9C0246EF6E800F7E803 /* PBXContainerItemProxy */;
		};
		2CDAB9CC246EF6E800F7E803 /* PBXTargetDependency */ = {
			isa = PBXTargetDependency;
			target = 2CDAB9A8246EF6E700F7E803 /* QwertyMobile */;
			targetProxy = 2CDAB9CB246EF6E800F7E803 /* PBXContainerItemProxy */;
		};
/* End PBXTargetDependency section */

/* Begin PBXVariantGroup section */
		2CDAB9B7246EF6E800F7E803 /* LaunchScreen.storyboard */ = {
			isa = PBXVariantGroup;
			children = (
				2CDAB9B8246EF6E800F7E803 /* Base */,
			);
			name = LaunchScreen.storyboard;
			sourceTree = "<group>";
		};
/* End PBXVariantGroup section */

/* Begin XCBuildConfiguration section */
		2CDAB9D1246EF6E800F7E803 /* Debug */ = {
			isa = XCBuildConfiguration;
			buildSettings = {
				ALWAYS_SEARCH_USER_PATHS = NO;
				CLANG_ANALYZER_NONNULL = YES;
				CLANG_ANALYZER_NUMBER_OBJECT_CONVERSION = YES_AGGRESSIVE;
				CLANG_CXX_LANGUAGE_STANDARD = "gnu++14";
				CLANG_CXX_LIBRARY = "libc++";
				CLANG_ENABLE_MODULES = YES;
				CLANG_ENABLE_OBJC_ARC = YES;
				CLANG_ENABLE_OBJC_WEAK = YES;
				CLANG_WARN_BLOCK_CAPTURE_AUTORELEASING = YES;
				CLANG_WARN_BOOL_CONVERSION = YES;
				CLANG_WARN_COMMA = YES;
				CLANG_WARN_CONSTANT_CONVERSION = YES;
				CLANG_WARN_DEPRECATED_OBJC_IMPLEMENTATIONS = YES;
				CLANG_WARN_DIRECT_OBJC_ISA_USAGE = YES_ERROR;
				CLANG_WARN_DOCUMENTATION_COMMENTS = YES;
				CLANG_WARN_EMPTY_BODY = YES;
				CLANG_WARN_ENUM_CONVERSION = YES;
				CLANG_WARN_INFINITE_RECURSION = YES;
				CLANG_WARN_INT_CONVERSION = YES;
				CLANG_WARN_NON_LITERAL_NULL_CONVERSION = YES;
				CLANG_WARN_OBJC_IMPLICIT_RETAIN_SELF = YES;
				CLANG_WARN_OBJC_LITERAL_CONVERSION = YES;
				CLANG_WARN_OBJC_ROOT_CLASS = YES_ERROR;
				CLANG_WARN_RANGE_LOOP_ANALYSIS = YES;
				CLANG_WARN_STRICT_PROTOTYPES = YES;
				CLANG_WARN_SUSPICIOUS_MOVE = YES;
				CLANG_WARN_UNGUARDED_AVAILABILITY = YES_AGGRESSIVE;
				CLANG_WARN_UNREACHABLE_CODE = YES;
				CLANG_WARN__DUPLICATE_METHOD_MATCH = YES;
				COPY_PHASE_STRIP = NO;
				DEBUG_INFORMATION_FORMAT = dwarf;
				ENABLE_STRICT_OBJC_MSGSEND = YES;
				ENABLE_TESTABILITY = YES;
				GCC_C_LANGUAGE_STANDARD = gnu11;
				GCC_DYNAMIC_NO_PIC = NO;
				GCC_NO_COMMON_BLOCKS = YES;
				GCC_OPTIMIZATION_LEVEL = 0;
				GCC_PREPROCESSOR_DEFINITIONS = (
					"DEBUG=1",
					"$(inherited)",
				);
				GCC_WARN_64_TO_32_BIT_CONVERSION = YES;
				GCC_WARN_ABOUT_RETURN_TYPE = YES_ERROR;
				GCC_WARN_UNDECLARED_SELECTOR = YES;
				GCC_WARN_UNINITIALIZED_AUTOS = YES_AGGRESSIVE;
				GCC_WARN_UNUSED_FUNCTION = YES;
				GCC_WARN_UNUSED_VARIABLE = YES;
				IPHONEOS_DEPLOYMENT_TARGET = 13.4;
				MTL_ENABLE_DEBUG_INFO = INCLUDE_SOURCE;
				MTL_FAST_MATH = YES;
				ONLY_ACTIVE_ARCH = YES;
				SDKROOT = iphoneos;
				SWIFT_ACTIVE_COMPILATION_CONDITIONS = DEBUG;
				SWIFT_OPTIMIZATION_LEVEL = "-Onone";
			};
			name = Debug;
		};
		2CDAB9D2246EF6E800F7E803 /* Release */ = {
			isa = XCBuildConfiguration;
			buildSettings = {
				ALWAYS_SEARCH_USER_PATHS = NO;
				CLANG_ANALYZER_NONNULL = YES;
				CLANG_ANALYZER_NUMBER_OBJECT_CONVERSION = YES_AGGRESSIVE;
				CLANG_CXX_LANGUAGE_STANDARD = "gnu++14";
				CLANG_CXX_LIBRARY = "libc++";
				CLANG_ENABLE_MODULES = YES;
				CLANG_ENABLE_OBJC_ARC = YES;
				CLANG_ENABLE_OBJC_WEAK = YES;
				CLANG_WARN_BLOCK_CAPTURE_AUTORELEASING = YES;
				CLANG_WARN_BOOL_CONVERSION = YES;
				CLANG_WARN_COMMA = YES;
				CLANG_WARN_CONSTANT_CONVERSION = YES;
				CLANG_WARN_DEPRECATED_OBJC_IMPLEMENTATIONS = YES;
				CLANG_WARN_DIRECT_OBJC_ISA_USAGE = YES_ERROR;
				CLANG_WARN_DOCUMENTATION_COMMENTS = YES;
				CLANG_WARN_EMPTY_BODY = YES;
				CLANG_WARN_ENUM_CONVERSION = YES;
				CLANG_WARN_INFINITE_RECURSION = YES;
				CLANG_WARN_INT_CONVERSION = YES;
				CLANG_WARN_NON_LITERAL_NULL_CONVERSION = YES;
				CLANG_WARN_OBJC_IMPLICIT_RETAIN_SELF = YES;
				CLANG_WARN_OBJC_LITERAL_CONVERSION = YES;
				CLANG_WARN_OBJC_ROOT_CLASS = YES_ERROR;
				CLANG_WARN_RANGE_LOOP_ANALYSIS = YES;
				CLANG_WARN_STRICT_PROTOTYPES = YES;
				CLANG_WARN_SUSPICIOUS_MOVE = YES;
				CLANG_WARN_UNGUARDED_AVAILABILITY = YES_AGGRESSIVE;
				CLANG_WARN_UNREACHABLE_CODE = YES;
				CLANG_WARN__DUPLICATE_METHOD_MATCH = YES;
				COPY_PHASE_STRIP = NO;
				DEBUG_INFORMATION_FORMAT = "dwarf-with-dsym";
				ENABLE_NS_ASSERTIONS = NO;
				ENABLE_STRICT_OBJC_MSGSEND = YES;
				GCC_C_LANGUAGE_STANDARD = gnu11;
				GCC_NO_COMMON_BLOCKS = YES;
				GCC_WARN_64_TO_32_BIT_CONVERSION = YES;
				GCC_WARN_ABOUT_RETURN_TYPE = YES_ERROR;
				GCC_WARN_UNDECLARED_SELECTOR = YES;
				GCC_WARN_UNINITIALIZED_AUTOS = YES_AGGRESSIVE;
				GCC_WARN_UNUSED_FUNCTION = YES;
				GCC_WARN_UNUSED_VARIABLE = YES;
				IPHONEOS_DEPLOYMENT_TARGET = 13.4;
				MTL_ENABLE_DEBUG_INFO = NO;
				MTL_FAST_MATH = YES;
				SDKROOT = iphoneos;
				SWIFT_COMPILATION_MODE = wholemodule;
				SWIFT_OPTIMIZATION_LEVEL = "-O";
				VALIDATE_PRODUCT = YES;
			};
			name = Release;
		};
		2CDAB9D4246EF6E800F7E803 /* Debug */ = {
			isa = XCBuildConfiguration;
			buildSettings = {
				ALWAYS_EMBED_SWIFT_STANDARD_LIBRARIES = YES;
				ASSETCATALOG_COMPILER_APPICON_NAME = AppIcon;
				CODE_SIGN_ENTITLEMENTS = QwertyMobile/QwertyMobile.entitlements;
				CODE_SIGN_STYLE = Automatic;
				DEVELOPMENT_ASSET_PATHS = "\"QwertyMobile/Preview Content\"";
				DEVELOPMENT_TEAM = CLE684Z9F2;
				ENABLE_PREVIEWS = YES;
				INFOPLIST_FILE = QwertyMobile/Info.plist;
				LD_RUNPATH_SEARCH_PATHS = (
					"$(inherited)",
					"@executable_path/Frameworks",
				);
				PRODUCT_BUNDLE_IDENTIFIER = UnitedTomatoCans.QwertyMobile;
				PRODUCT_NAME = "$(TARGET_NAME)";
				SWIFT_VERSION = 5.0;
				TARGETED_DEVICE_FAMILY = "1,2";
			};
			name = Debug;
		};
		2CDAB9D5246EF6E800F7E803 /* Release */ = {
			isa = XCBuildConfiguration;
			buildSettings = {
				ALWAYS_EMBED_SWIFT_STANDARD_LIBRARIES = YES;
				ASSETCATALOG_COMPILER_APPICON_NAME = AppIcon;
				CODE_SIGN_ENTITLEMENTS = QwertyMobile/QwertyMobile.entitlements;
				CODE_SIGN_STYLE = Automatic;
				DEVELOPMENT_ASSET_PATHS = "\"QwertyMobile/Preview Content\"";
				DEVELOPMENT_TEAM = CLE684Z9F2;
				ENABLE_PREVIEWS = YES;
				INFOPLIST_FILE = QwertyMobile/Info.plist;
				LD_RUNPATH_SEARCH_PATHS = (
					"$(inherited)",
					"@executable_path/Frameworks",
				);
				PRODUCT_BUNDLE_IDENTIFIER = UnitedTomatoCans.QwertyMobile;
				PRODUCT_NAME = "$(TARGET_NAME)";
				SWIFT_VERSION = 5.0;
				TARGETED_DEVICE_FAMILY = "1,2";
			};
			name = Release;
		};
		2CDAB9D7246EF6E800F7E803 /* Debug */ = {
			isa = XCBuildConfiguration;
			buildSettings = {
				ALWAYS_EMBED_SWIFT_STANDARD_LIBRARIES = YES;
				BUNDLE_LOADER = "$(TEST_HOST)";
				CODE_SIGN_STYLE = Automatic;
				DEVELOPMENT_TEAM = CLE684Z9F2;
				INFOPLIST_FILE = QwertyMobileTests/Info.plist;
				IPHONEOS_DEPLOYMENT_TARGET = 13.4;
				LD_RUNPATH_SEARCH_PATHS = (
					"$(inherited)",
					"@executable_path/Frameworks",
					"@loader_path/Frameworks",
				);
				PRODUCT_BUNDLE_IDENTIFIER = UnitedTomatoCans.QwertyMobileTests;
				PRODUCT_NAME = "$(TARGET_NAME)";
				SWIFT_VERSION = 5.0;
				TARGETED_DEVICE_FAMILY = "1,2";
				TEST_HOST = "$(BUILT_PRODUCTS_DIR)/QwertyMobile.app/QwertyMobile";
			};
			name = Debug;
		};
		2CDAB9D8246EF6E800F7E803 /* Release */ = {
			isa = XCBuildConfiguration;
			buildSettings = {
				ALWAYS_EMBED_SWIFT_STANDARD_LIBRARIES = YES;
				BUNDLE_LOADER = "$(TEST_HOST)";
				CODE_SIGN_STYLE = Automatic;
				DEVELOPMENT_TEAM = CLE684Z9F2;
				INFOPLIST_FILE = QwertyMobileTests/Info.plist;
				IPHONEOS_DEPLOYMENT_TARGET = 13.4;
				LD_RUNPATH_SEARCH_PATHS = (
					"$(inherited)",
					"@executable_path/Frameworks",
					"@loader_path/Frameworks",
				);
				PRODUCT_BUNDLE_IDENTIFIER = UnitedTomatoCans.QwertyMobileTests;
				PRODUCT_NAME = "$(TARGET_NAME)";
				SWIFT_VERSION = 5.0;
				TARGETED_DEVICE_FAMILY = "1,2";
				TEST_HOST = "$(BUILT_PRODUCTS_DIR)/QwertyMobile.app/QwertyMobile";
			};
			name = Release;
		};
		2CDAB9DA246EF6E800F7E803 /* Debug */ = {
			isa = XCBuildConfiguration;
			buildSettings = {
				ALWAYS_EMBED_SWIFT_STANDARD_LIBRARIES = YES;
				CODE_SIGN_STYLE = Automatic;
				DEVELOPMENT_TEAM = CLE684Z9F2;
				INFOPLIST_FILE = QwertyMobileUITests/Info.plist;
				LD_RUNPATH_SEARCH_PATHS = (
					"$(inherited)",
					"@executable_path/Frameworks",
					"@loader_path/Frameworks",
				);
				PRODUCT_BUNDLE_IDENTIFIER = UnitedTomatoCans.QwertyMobileUITests;
				PRODUCT_NAME = "$(TARGET_NAME)";
				SWIFT_VERSION = 5.0;
				TARGETED_DEVICE_FAMILY = "1,2";
				TEST_TARGET_NAME = QwertyMobile;
			};
			name = Debug;
		};
		2CDAB9DB246EF6E800F7E803 /* Release */ = {
			isa = XCBuildConfiguration;
			buildSettings = {
				ALWAYS_EMBED_SWIFT_STANDARD_LIBRARIES = YES;
				CODE_SIGN_STYLE = Automatic;
				DEVELOPMENT_TEAM = CLE684Z9F2;
				INFOPLIST_FILE = QwertyMobileUITests/Info.plist;
				LD_RUNPATH_SEARCH_PATHS = (
					"$(inherited)",
					"@executable_path/Frameworks",
					"@loader_path/Frameworks",
				);
				PRODUCT_BUNDLE_IDENTIFIER = UnitedTomatoCans.QwertyMobileUITests;
				PRODUCT_NAME = "$(TARGET_NAME)";
				SWIFT_VERSION = 5.0;
				TARGETED_DEVICE_FAMILY = "1,2";
				TEST_TARGET_NAME = QwertyMobile;
			};
			name = Release;
		};
		2CDAB9EC246EF70100F7E803 /* Debug */ = {
			isa = XCBuildConfiguration;
			buildSettings = {
				CODE_SIGN_ENTITLEMENTS = QwertyShare/QwertyShare.entitlements;
				CODE_SIGN_STYLE = Automatic;
				DEVELOPMENT_TEAM = CLE684Z9F2;
				INFOPLIST_FILE = QwertyShare/Info.plist;
				LD_RUNPATH_SEARCH_PATHS = (
					"$(inherited)",
					"@executable_path/Frameworks",
					"@executable_path/../../Frameworks",
				);
				PRODUCT_BUNDLE_IDENTIFIER = UnitedTomatoCans.QwertyMobile.QwertyShare;
				PRODUCT_NAME = "$(TARGET_NAME)";
				SKIP_INSTALL = YES;
				SWIFT_VERSION = 5.0;
				TARGETED_DEVICE_FAMILY = "1,2";
			};
			name = Debug;
		};
		2CDAB9ED246EF70100F7E803 /* Release */ = {
			isa = XCBuildConfiguration;
			buildSettings = {
				CODE_SIGN_ENTITLEMENTS = QwertyShare/QwertyShare.entitlements;
				CODE_SIGN_STYLE = Automatic;
				DEVELOPMENT_TEAM = CLE684Z9F2;
				INFOPLIST_FILE = QwertyShare/Info.plist;
				LD_RUNPATH_SEARCH_PATHS = (
					"$(inherited)",
					"@executable_path/Frameworks",
					"@executable_path/../../Frameworks",
				);
				PRODUCT_BUNDLE_IDENTIFIER = UnitedTomatoCans.QwertyMobile.QwertyShare;
				PRODUCT_NAME = "$(TARGET_NAME)";
				SKIP_INSTALL = YES;
				SWIFT_VERSION = 5.0;
				TARGETED_DEVICE_FAMILY = "1,2";
			};
			name = Release;
		};
/* End XCBuildConfiguration section */

/* Begin XCConfigurationList section */
		2CDAB9A4246EF6E700F7E803 /* Build configuration list for PBXProject "QwertyMobile" */ = {
			isa = XCConfigurationList;
			buildConfigurations = (
				2CDAB9D1246EF6E800F7E803 /* Debug */,
				2CDAB9D2246EF6E800F7E803 /* Release */,
			);
			defaultConfigurationIsVisible = 0;
			defaultConfigurationName = Release;
		};
		2CDAB9D3246EF6E800F7E803 /* Build configuration list for PBXNativeTarget "QwertyMobile" */ = {
			isa = XCConfigurationList;
			buildConfigurations = (
				2CDAB9D4246EF6E800F7E803 /* Debug */,
				2CDAB9D5246EF6E800F7E803 /* Release */,
			);
			defaultConfigurationIsVisible = 0;
			defaultConfigurationName = Release;
		};
		2CDAB9D6246EF6E800F7E803 /* Build configuration list for PBXNativeTarget "QwertyMobileTests" */ = {
			isa = XCConfigurationList;
			buildConfigurations = (
				2CDAB9D7246EF6E800F7E803 /* Debug */,
				2CDAB9D8246EF6E800F7E803 /* Release */,
			);
			defaultConfigurationIsVisible = 0;
			defaultConfigurationName = Release;
		};
		2CDAB9D9246EF6E800F7E803 /* Build configuration list for PBXNativeTarget "QwertyMobileUITests" */ = {
			isa = XCConfigurationList;
			buildConfigurations = (
				2CDAB9DA246EF6E800F7E803 /* Debug */,
				2CDAB9DB246EF6E800F7E803 /* Release */,
			);
			defaultConfigurationIsVisible = 0;
			defaultConfigurationName = Release;
		};
		2CDAB9EB246EF70100F7E803 /* Build configuration list for PBXNativeTarget "QwertyShare" */ = {
			isa = XCConfigurationList;
			buildConfigurations = (
				2CDAB9EC246EF70100F7E803 /* Debug */,
				2CDAB9ED246EF70100F7E803 /* Release */,
			);
			defaultConfigurationIsVisible = 0;
			defaultConfigurationName = Release;
		};
/* End XCConfigurationList section */

/* Begin XCRemoteSwiftPackageReference section */
		2CF42F1A2485CC1A00C558BC /* XCRemoteSwiftPackageReference "url-image" */ = {
			isa = XCRemoteSwiftPackageReference;
			repositoryURL = "https://github.com/dmytro-anokhin/url-image.git";
			requirement = {
				kind = upToNextMajorVersion;
				minimumVersion = 0.9.15;
			};
		};
/* End XCRemoteSwiftPackageReference section */

/* Begin XCSwiftPackageProductDependency section */
		2CF42F1B2485CC1B00C558BC /* URLImage */ = {
			isa = XCSwiftPackageProductDependency;
			package = 2CF42F1A2485CC1A00C558BC /* XCRemoteSwiftPackageReference "url-image" */;
			productName = URLImage;
		};
		2CF42F1E2485CF9F00C558BC /* URLImage */ = {
			isa = XCSwiftPackageProductDependency;
			package = 2CF42F1A2485CC1A00C558BC /* XCRemoteSwiftPackageReference "url-image" */;
			productName = URLImage;
		};
/* End XCSwiftPackageProductDependency section */
	};
	rootObject = 2CDAB9A1246EF6E700F7E803 /* Project object */;
}
